
Microsoft Visual Studio Solution File, Format Version 12.00
# Visual Studio 15
VisualStudioVersion = 15.0.26228.4
MinimumVisualStudioVersion = 10.0.40219.1
Project("{FAE04EC0-301F-11D3-BF4B-00C04F79EFBC}") = "HomeworkTest", "HomeworkTest\HomeworkTest.csproj", "{2139527C-5FD7-4EBD-AFD0-16219BA529ED}"
EndProject
Project("{FAE04EC0-301F-11D3-BF4B-00C04F79EFBC}") = "HomeworkTest.UnitTests", "HomeworkTest.UnitTests\HomeworkTest.UnitTests.csproj", "{EE7BE019-8836-47F0-9F0F-37A409E9DE08}"
EndProject
Global
	GlobalSection(SolutionConfigurationPlatforms) = preSolution
		Debug|Any CPU = Debug|Any CPU
		Release|Any CPU = Release|Any CPU
	EndGlobalSection
	GlobalSection(ProjectConfigurationPlatforms) = postSolution
		{2139527C-5FD7-4EBD-AFD0-16219BA529ED}.Debug|Any CPU.ActiveCfg = Debug|Any CPU
		{2139527C-5FD7-4EBD-AFD0-16219BA529ED}.Debug|Any CPU.Build.0 = Debug|Any CPU
		{2139527C-5FD7-4EBD-AFD0-16219BA529ED}.Release|Any CPU.ActiveCfg = Release|Any CPU
		{2139527C-5FD7-4EBD-AFD0-16219BA529ED}.Release|Any CPU.Build.0 = Release|Any CPU
		{EE7BE019-8836-47F0-9F0F-37A409E9DE08}.Debug|Any CPU.ActiveCfg = Debug|Any CPU
		{EE7BE019-8836-47F0-9F0F-37A409E9DE08}.Debug|Any CPU.Build.0 = Debug|Any CPU
		{EE7BE019-8836-47F0-9F0F-37A409E9DE08}.Release|Any CPU.ActiveCfg = Release|Any CPU
		{EE7BE019-8836-47F0-9F0F-37A409E9DE08}.Release|Any CPU.Build.0 = Release|Any CPU
	EndGlobalSection
	GlobalSection(SolutionProperties) = preSolution
		HideSolutionNode = FALSE
	EndGlobalSection
EndGlobal
